
Microsoft Visual Studio Solution File, Format Version 12.00
# Visual Studio 14
VisualStudioVersion = 14.0.25420.1
MinimumVisualStudioVersion = 10.0.40219.1
Project("{FAE04EC0-301F-11D3-BF4B-00C04F79EFBC}") = "ChallenegeSimpleDarts", "ChallenegeSimpleDarts\ChallenegeSimpleDarts.csproj", "{06DF1F98-02D7-43E7-B0AC-8449806271C1}"
EndProject
Project("{FAE04EC0-301F-11D3-BF4B-00C04F79EFBC}") = "Darts", "Darts\Darts.csproj", "{2809F202-7CF9-4560-A975-577CEED067CE}"
EndProject
Global
	GlobalSection(SolutionConfigurationPlatforms) = preSolution
		Debug|Any CPU = Debug|Any CPU
		Release|Any CPU = Release|Any CPU
	EndGlobalSection
	GlobalSection(ProjectConfigurationPlatforms) = postSolution
		{06DF1F98-02D7-43E7-B0AC-8449806271C1}.Debug|Any CPU.ActiveCfg = Debug|Any CPU
		{06DF1F98-02D7-43E7-B0AC-8449806271C1}.Debug|Any CPU.Build.0 = Debug|Any CPU
		{06DF1F98-02D7-43E7-B0AC-8449806271C1}.Release|Any CPU.ActiveCfg = Release|Any CPU
		{06DF1F98-02D7-43E7-B0AC-8449806271C1}.Release|Any CPU.Build.0 = Release|Any CPU
		{2809F202-7CF9-4560-A975-577CEED067CE}.Debug|Any CPU.ActiveCfg = Debug|Any CPU
		{2809F202-7CF9-4560-A975-577CEED067CE}.Debug|Any CPU.Build.0 = Debug|Any CPU
		{2809F202-7CF9-4560-A975-577CEED067CE}.Release|Any CPU.ActiveCfg = Release|Any CPU
		{2809F202-7CF9-4560-A975-577CEED067CE}.Release|Any CPU.Build.0 = Release|Any CPU
	EndGlobalSection
	GlobalSection(SolutionProperties) = preSolution
		HideSolutionNode = FALSE
	EndGlobalSection
EndGlobal
